
Microsoft Visual Studio Solution File, Format Version 12.00
# Visual Studio Version 16
VisualStudioVersion = 16.0.30320.27
MinimumVisualStudioVersion = 10.0.40219.1
Project("{FAE04EC0-301F-11D3-BF4B-00C04F79EFBC}") = "01Strategy", "Strategy\01Strategy.csproj", "{D555C6B8-9409-4A08-BADF-B6269275766C}"
EndProject
Project("{FAE04EC0-301F-11D3-BF4B-00C04F79EFBC}") = "02ChainOfResponsibility", "ChainOfResponsibility\02ChainOfResponsibility.csproj", "{CDD0348D-8068-4645-968C-E0F83931BC5A}"
EndProject
Project("{FAE04EC0-301F-11D3-BF4B-00C04F79EFBC}") = "03TemplateMethod", "03TemplateMethod\03TemplateMethod.csproj", "{F762B07B-6E2C-4D9C-9363-5D303B1C43E0}"
EndProject
Project("{FAE04EC0-301F-11D3-BF4B-00C04F79EFBC}") = "04Decorator", "04Decorator\04Decorator.csproj", "{D88681E7-BE5B-4B7E-AE9A-1D9532660C9B}"
EndProject
Project("{FAE04EC0-301F-11D3-BF4B-00C04F79EFBC}") = "05State", "05State\05State.csproj", "{5AE9B88D-999A-4604-A8E6-7693EDFCD506}"
EndProject
Project("{FAE04EC0-301F-11D3-BF4B-00C04F79EFBC}") = "06Builder", "06Builder\06Builder.csproj", "{D3F58854-54FF-46CE-9B8C-CF437500244E}"
EndProject
Project("{FAE04EC0-301F-11D3-BF4B-00C04F79EFBC}") = "07Observer", "Observer\07Observer.csproj", "{9D4FA956-38AD-4ABE-8ED1-58BA9C3E6A5B}"
EndProject
Global
	GlobalSection(SolutionConfigurationPlatforms) = preSolution
		Debug|Any CPU = Debug|Any CPU
		Release|Any CPU = Release|Any CPU
	EndGlobalSection
	GlobalSection(ProjectConfigurationPlatforms) = postSolution
		{D555C6B8-9409-4A08-BADF-B6269275766C}.Debug|Any CPU.ActiveCfg = Debug|Any CPU
		{D555C6B8-9409-4A08-BADF-B6269275766C}.Debug|Any CPU.Build.0 = Debug|Any CPU
		{D555C6B8-9409-4A08-BADF-B6269275766C}.Release|Any CPU.ActiveCfg = Release|Any CPU
		{D555C6B8-9409-4A08-BADF-B6269275766C}.Release|Any CPU.Build.0 = Release|Any CPU
		{CDD0348D-8068-4645-968C-E0F83931BC5A}.Debug|Any CPU.ActiveCfg = Debug|Any CPU
		{CDD0348D-8068-4645-968C-E0F83931BC5A}.Debug|Any CPU.Build.0 = Debug|Any CPU
		{CDD0348D-8068-4645-968C-E0F83931BC5A}.Release|Any CPU.ActiveCfg = Release|Any CPU
		{CDD0348D-8068-4645-968C-E0F83931BC5A}.Release|Any CPU.Build.0 = Release|Any CPU
		{F762B07B-6E2C-4D9C-9363-5D303B1C43E0}.Debug|Any CPU.ActiveCfg = Debug|Any CPU
		{F762B07B-6E2C-4D9C-9363-5D303B1C43E0}.Debug|Any CPU.Build.0 = Debug|Any CPU
		{F762B07B-6E2C-4D9C-9363-5D303B1C43E0}.Release|Any CPU.ActiveCfg = Release|Any CPU
		{F762B07B-6E2C-4D9C-9363-5D303B1C43E0}.Release|Any CPU.Build.0 = Release|Any CPU
		{D88681E7-BE5B-4B7E-AE9A-1D9532660C9B}.Debug|Any CPU.ActiveCfg = Debug|Any CPU
		{D88681E7-BE5B-4B7E-AE9A-1D9532660C9B}.Debug|Any CPU.Build.0 = Debug|Any CPU
		{D88681E7-BE5B-4B7E-AE9A-1D9532660C9B}.Release|Any CPU.ActiveCfg = Release|Any CPU
		{D88681E7-BE5B-4B7E-AE9A-1D9532660C9B}.Release|Any CPU.Build.0 = Release|Any CPU
		{5AE9B88D-999A-4604-A8E6-7693EDFCD506}.Debug|Any CPU.ActiveCfg = Debug|Any CPU
		{5AE9B88D-999A-4604-A8E6-7693EDFCD506}.Debug|Any CPU.Build.0 = Debug|Any CPU
		{5AE9B88D-999A-4604-A8E6-7693EDFCD506}.Release|Any CPU.ActiveCfg = Release|Any CPU
		{5AE9B88D-999A-4604-A8E6-7693EDFCD506}.Release|Any CPU.Build.0 = Release|Any CPU
		{D3F58854-54FF-46CE-9B8C-CF437500244E}.Debug|Any CPU.ActiveCfg = Debug|Any CPU
		{D3F58854-54FF-46CE-9B8C-CF437500244E}.Debug|Any CPU.Build.0 = Debug|Any CPU
		{D3F58854-54FF-46CE-9B8C-CF437500244E}.Release|Any CPU.ActiveCfg = Release|Any CPU
		{D3F58854-54FF-46CE-9B8C-CF437500244E}.Release|Any CPU.Build.0 = Release|Any CPU
		{9D4FA956-38AD-4ABE-8ED1-58BA9C3E6A5B}.Debug|Any CPU.ActiveCfg = Debug|Any CPU
		{9D4FA956-38AD-4ABE-8ED1-58BA9C3E6A5B}.Debug|Any CPU.Build.0 = Debug|Any CPU
		{9D4FA956-38AD-4ABE-8ED1-58BA9C3E6A5B}.Release|Any CPU.ActiveCfg = Release|Any CPU
		{9D4FA956-38AD-4ABE-8ED1-58BA9C3E6A5B}.Release|Any CPU.Build.0 = Release|Any CPU
	EndGlobalSection
	GlobalSection(SolutionProperties) = preSolution
		HideSolutionNode = FALSE
	EndGlobalSection
	GlobalSection(ExtensibilityGlobals) = postSolution
		SolutionGuid = {8BE51CA0-B5ED-4C1A-A8AD-05AFCD6B1AE8}
	EndGlobalSection
EndGlobal
